
Microsoft Visual Studio Solution File, Format Version 12.00
# Visual Studio Version 17
VisualStudioVersion = 17.10.35027.167
MinimumVisualStudioVersion = 10.0.40219.1
Project("{FAE04EC0-301F-11D3-BF4B-00C04F79EFBC}") = "Budget Meal Calculator OOP Finals", "Budget Meal Calculator OOP Finals.csproj", "{63AEC1CE-C8E1-4CE6-9DD8-B46DF4BC5897}"
EndProject
Global
	GlobalSection(SolutionConfigurationPlatforms) = preSolution
		Debug|Any CPU = Debug|Any CPU
		Release|Any CPU = Release|Any CPU
	EndGlobalSection
	GlobalSection(ProjectConfigurationPlatforms) = postSolution
		{63AEC1CE-C8E1-4CE6-9DD8-B46DF4BC5897}.Debug|Any CPU.ActiveCfg = Debug|Any CPU
		{63AEC1CE-C8E1-4CE6-9DD8-B46DF4BC5897}.Debug|Any CPU.Build.0 = Debug|Any CPU
		{63AEC1CE-C8E1-4CE6-9DD8-B46DF4BC5897}.Release|Any CPU.ActiveCfg = Release|Any CPU
		{63AEC1CE-C8E1-4CE6-9DD8-B46DF4BC5897}.Release|Any CPU.Build.0 = Release|Any CPU
	EndGlobalSection
	GlobalSection(SolutionProperties) = preSolution
		HideSolutionNode = FALSE
	EndGlobalSection
	GlobalSection(ExtensibilityGlobals) = postSolution
		SolutionGuid = {F78496DE-6D33-400A-8B73-F61BCEA6FA35}
	EndGlobalSection
EndGlobal
